
Microsoft Visual Studio Solution File, Format Version 12.00
# Visual Studio Version 17
VisualStudioVersion = 17.11.35312.102
MinimumVisualStudioVersion = 10.0.40219.1
Project("{FAE04EC0-301F-11D3-BF4B-00C04F79EFBC}") = "Example", "Example\Example.csproj", "{CFCA9A60-8B30-4976-921E-8194F523075A}"
EndProject
Project("{FAE04EC0-301F-11D3-BF4B-00C04F79EFBC}") = "ClassLibrary1", "ClassLibrary1\ClassLibrary1.csproj", "{B9F9FC28-2BB3-40CA-AE4B-862B0E248564}"
EndProject
Global
	GlobalSection(SolutionConfigurationPlatforms) = preSolution
		Debug|Any CPU = Debug|Any CPU
		Release|Any CPU = Release|Any CPU
	EndGlobalSection
	GlobalSection(ProjectConfigurationPlatforms) = postSolution
		{CFCA9A60-8B30-4976-921E-8194F523075A}.Debug|Any CPU.ActiveCfg = Debug|Any CPU
		{CFCA9A60-8B30-4976-921E-8194F523075A}.Debug|Any CPU.Build.0 = Debug|Any CPU
		{CFCA9A60-8B30-4976-921E-8194F523075A}.Release|Any CPU.ActiveCfg = Release|Any CPU
		{CFCA9A60-8B30-4976-921E-8194F523075A}.Release|Any CPU.Build.0 = Release|Any CPU
		{B9F9FC28-2BB3-40CA-AE4B-862B0E248564}.Debug|Any CPU.ActiveCfg = Debug|Any CPU
		{B9F9FC28-2BB3-40CA-AE4B-862B0E248564}.Debug|Any CPU.Build.0 = Debug|Any CPU
		{B9F9FC28-2BB3-40CA-AE4B-862B0E248564}.Release|Any CPU.ActiveCfg = Release|Any CPU
		{B9F9FC28-2BB3-40CA-AE4B-862B0E248564}.Release|Any CPU.Build.0 = Release|Any CPU
	EndGlobalSection
	GlobalSection(SolutionProperties) = preSolution
		HideSolutionNode = FALSE
	EndGlobalSection
	GlobalSection(ExtensibilityGlobals) = postSolution
		SolutionGuid = {972A4563-4D7F-4416-A9AC-C33C2436CDE3}
	EndGlobalSection
EndGlobal
